<?xml version="1.0" encoding="utf-8"?>
<Project ToolsVersion="4.0" xmlns="http://schemas.microsoft.com/developer/msbuild/2003">
  <ItemGroup>
    <ClInclude Include="cudawrapper.cuh" />
    <ClInclude Include="flowergen.cuh" />
    <ClInclude Include="jrand.cuh" />
    <ClInclude Include="testing.h" />
  </ItemGroup>
  <ItemGroup>
    <Text Include="results.txt" />
    <Text Include="resultsText.txt" />
    <Text Include="resultsRun2.txt" />
  </ItemGroup>
  <ItemGroup>
    <CudaCompile Include="main.cu" />
  </ItemGroup>
</Project>